{
  "pins" : [
    {
      "identity" : "alamofire",
      "kind" : "remoteSourceControl",
      "location" : "https://github.com/Alamofire/Alamofire.git",
      "state" : {
        "revision" : "8dd85aee02e39dd280c75eef88ffdb86eed4b07b",
        "version" : "5.6.2"
      }
    },
    {
      "identity" : "apple-swiftpackage-kochavacore",
      "kind" : "remoteSourceControl",
      "location" : "https://github.com/Kochava/Apple-SwiftPackage-KochavaCore",
      "state" : {
        "revision" : "9e9bf8d880379772f2ea203036dbd576d99d02d5",
        "version" : "5.1.1"
      }
    },
    {
      "identity" : "apple-swiftpackage-kochavatracker",
      "kind" : "remoteSourceControl",
      "location" : "https://github.com/Kochava/Apple-SwiftPackage-KochavaTracker",
      "state" : {
        "revision" : "351e90467489c9bdba6dda0f4bcf9080601f0dd8",
        "version" : "5.1.1"
      }
    },
    {
      "identity" : "growingtextview",
      "kind" : "remoteSourceControl",
      "location" : "https://github.com/KennethTsang/GrowingTextView",
      "state" : {
        "revision" : "0cda2caf03bf6cb2ec6dc006873c3c865933be09",
        "version" : "0.7.2"
      }
    },
    {
      "identity" : "lightcompressor_ios",
      "kind" : "remoteSourceControl",
      "location" : "https://github.com/AbedElazizShe/LightCompressor_iOS.git",
      "state" : {
        "revision" : "0ce84fd52d557d3dc31ab8cab97cfeffe53c1e85",
        "version" : "0.1.9"
      }
    }
  ],
  "version" : 2
}
